
Microsoft Visual Studio Solution File, Format Version 12.00
# Visual Studio Version 17
VisualStudioVersion = 17.5.002.0
MinimumVisualStudioVersion = 10.0.40219.1
Project("{9A19103F-16F7-4668-BE54-9A1E7A4F7556}") = "binarni vyhledavaci strom", "binarni vyhledavaci strom.csproj", "{E45FF992-B3BA-496A-B583-A572C7A1ED5A}"
EndProject
Global
	GlobalSection(SolutionConfigurationPlatforms) = preSolution
		Debug|Any CPU = Debug|Any CPU
		Release|Any CPU = Release|Any CPU
	EndGlobalSection
	GlobalSection(ProjectConfigurationPlatforms) = postSolution
		{E45FF992-B3BA-496A-B583-A572C7A1ED5A}.Debug|Any CPU.ActiveCfg = Debug|Any CPU
		{E45FF992-B3BA-496A-B583-A572C7A1ED5A}.Debug|Any CPU.Build.0 = Debug|Any CPU
		{E45FF992-B3BA-496A-B583-A572C7A1ED5A}.Release|Any CPU.ActiveCfg = Release|Any CPU
		{E45FF992-B3BA-496A-B583-A572C7A1ED5A}.Release|Any CPU.Build.0 = Release|Any CPU
	EndGlobalSection
	GlobalSection(SolutionProperties) = preSolution
		HideSolutionNode = FALSE
	EndGlobalSection
	GlobalSection(ExtensibilityGlobals) = postSolution
		SolutionGuid = {3221612D-0A96-4A8E-A603-6AE3131FBB2D}
	EndGlobalSection
EndGlobal
